// !$*UTF8*$!
{
	archiveVersion = 1;
	classes = {
	};
	objectVersion = 56;
	objects = {

/* Begin PBXBuildFile section */
		A41074762B7E630500C2CB0E /* MovieListJSON.swift in Sources */ = {isa = PBXBuildFile; fileRef = A41074752B7E630500C2CB0E /* MovieListJSON.swift */; };
		A41074782B7E671400C2CB0E /* MoviesViewModel.swift in Sources */ = {isa = PBXBuildFile; fileRef = A41074772B7E671400C2CB0E /* MoviesViewModel.swift */; };
		A410747A2B7FC31A00C2CB0E /* MovieSkeletonView.swift in Sources */ = {isa = PBXBuildFile; fileRef = A41074792B7FC31A00C2CB0E /* MovieSkeletonView.swift */; };
		A410747C2B7FCE6700C2CB0E /* CarouselsMovieView.swift in Sources */ = {isa = PBXBuildFile; fileRef = A410747B2B7FCE6700C2CB0E /* CarouselsMovieView.swift */; };
		A410747E2B7FD68600C2CB0E /* TMDB_Info.plist in Resources */ = {isa = PBXBuildFile; fileRef = A410747D2B7FD68600C2CB0E /* TMDB_Info.plist */; };
		A41074802B7FD71900C2CB0E /* Bundle+Extensions.swift in Sources */ = {isa = PBXBuildFile; fileRef = A410747F2B7FD71900C2CB0E /* Bundle+Extensions.swift */; };
		A41074822B819BF400C2CB0E /* MovieListViewModel.swift in Sources */ = {isa = PBXBuildFile; fileRef = A41074812B819BF400C2CB0E /* MovieListViewModel.swift */; };
		A41074842B81A13900C2CB0E /* MoviesAPI.swift in Sources */ = {isa = PBXBuildFile; fileRef = A41074832B81A13900C2CB0E /* MoviesAPI.swift */; };
		A410748A2B81A59500C2CB0E /* MovieBackdropView.swift in Sources */ = {isa = PBXBuildFile; fileRef = A41074892B81A59500C2CB0E /* MovieBackdropView.swift */; };
		A410748E2B82B97200C2CB0E /* MovieGridView.swift in Sources */ = {isa = PBXBuildFile; fileRef = A410748D2B82B97200C2CB0E /* MovieGridView.swift */; };
		A4B068972B8C078D00E292DC /* MovieDetailsJSON.swift in Sources */ = {isa = PBXBuildFile; fileRef = A4B068962B8C078D00E292DC /* MovieDetailsJSON.swift */; };
		A4B068992B8C107500E292DC /* MovieDetails.swift in Sources */ = {isa = PBXBuildFile; fileRef = A4B068982B8C107500E292DC /* MovieDetails.swift */; };
		A4B0689B2B8D7EFB00E292DC /* MovieDetailsViewModel.swift in Sources */ = {isa = PBXBuildFile; fileRef = A4B0689A2B8D7EFB00E292DC /* MovieDetailsViewModel.swift */; };
		A4B0689D2B8D85ED00E292DC /* MovieDetailsView.swift in Sources */ = {isa = PBXBuildFile; fileRef = A4B0689C2B8D85ED00E292DC /* MovieDetailsView.swift */; };
		A4B0689F2B8EC97700E292DC /* UIImage+Extensions.swift in Sources */ = {isa = PBXBuildFile; fileRef = A4B0689E2B8EC97700E292DC /* UIImage+Extensions.swift */; };
		A4C646B72B74747F000E0DA7 /* TMDBApp.swift in Sources */ = {isa = PBXBuildFile; fileRef = A4C646B62B74747F000E0DA7 /* TMDBApp.swift */; };
		A4C646B92B74747F000E0DA7 /* ContentView.swift in Sources */ = {isa = PBXBuildFile; fileRef = A4C646B82B74747F000E0DA7 /* ContentView.swift */; };
		A4C646BB2B747481000E0DA7 /* Assets.xcassets in Resources */ = {isa = PBXBuildFile; fileRef = A4C646BA2B747481000E0DA7 /* Assets.xcassets */; };
		A4C646BE2B747481000E0DA7 /* Preview Assets.xcassets in Resources */ = {isa = PBXBuildFile; fileRef = A4C646BD2B747481000E0DA7 /* Preview Assets.xcassets */; };
		A4C646C82B747481000E0DA7 /* TMDBTests.swift in Sources */ = {isa = PBXBuildFile; fileRef = A4C646C72B747481000E0DA7 /* TMDBTests.swift */; };
		A4C646D22B747481000E0DA7 /* TMDBUITests.swift in Sources */ = {isa = PBXBuildFile; fileRef = A4C646D12B747481000E0DA7 /* TMDBUITests.swift */; };
		A4C646D42B747481000E0DA7 /* TMDBUITestsLaunchTests.swift in Sources */ = {isa = PBXBuildFile; fileRef = A4C646D32B747481000E0DA7 /* TMDBUITestsLaunchTests.swift */; };
		A4C646E12B7A91CE000E0DA7 /* MovieView.swift in Sources */ = {isa = PBXBuildFile; fileRef = A4C646E02B7A91CE000E0DA7 /* MovieView.swift */; };
		A4C646E32B7BC625000E0DA7 /* ScoreView.swift in Sources */ = {isa = PBXBuildFile; fileRef = A4C646E22B7BC625000E0DA7 /* ScoreView.swift */; };
		A4C646E62B7C5ECB000E0DA7 /* Kingfisher in Frameworks */ = {isa = PBXBuildFile; productRef = A4C646E52B7C5ECB000E0DA7 /* Kingfisher */; };
		A4D8DE132B7D11A200C31D7F /* SeeAllView.swift in Sources */ = {isa = PBXBuildFile; fileRef = A4D8DE122B7D11A200C31D7F /* SeeAllView.swift */; };
		A4D8DE152B7D170700C31D7F /* Colors.swift in Sources */ = {isa = PBXBuildFile; fileRef = A4D8DE142B7D170700C31D7F /* Colors.swift */; };
		A4D8DE172B7D1A7900C31D7F /* CarouselMovieView.swift in Sources */ = {isa = PBXBuildFile; fileRef = A4D8DE162B7D1A7900C31D7F /* CarouselMovieView.swift */; };
		A4D8DE192B7D204700C31D7F /* Movie.swift in Sources */ = {isa = PBXBuildFile; fileRef = A4D8DE182B7D204700C31D7F /* Movie.swift */; };
		A4EA34FC2B900ED100E6DD3E /* CreditsJSON.swift in Sources */ = {isa = PBXBuildFile; fileRef = A4EA34FB2B900ED100E6DD3E /* CreditsJSON.swift */; };
		A4EA34FE2B9010E000E6DD3E /* Actor.swift in Sources */ = {isa = PBXBuildFile; fileRef = A4EA34FD2B9010E000E6DD3E /* Actor.swift */; };
		A4EA35002B9027B000E6DD3E /* MovieSummaryView.swift in Sources */ = {isa = PBXBuildFile; fileRef = A4EA34FF2B9027B000E6DD3E /* MovieSummaryView.swift */; };
		A4EA35022B91665D00E6DD3E /* ActorView.swift in Sources */ = {isa = PBXBuildFile; fileRef = A4EA35012B91665D00E6DD3E /* ActorView.swift */; };
		A4EA35042B916AED00E6DD3E /* CarouselActorView.swift in Sources */ = {isa = PBXBuildFile; fileRef = A4EA35032B916AED00E6DD3E /* CarouselActorView.swift */; };
/* End PBXBuildFile section */

/* Begin PBXContainerItemProxy section */
		A4C646C42B747481000E0DA7 /* PBXContainerItemProxy */ = {
			isa = PBXContainerItemProxy;
			containerPortal = A4C646AB2B74747F000E0DA7 /* Project object */;
			proxyType = 1;
			remoteGlobalIDString = A4C646B22B74747F000E0DA7;
			remoteInfo = TMDB;
		};
		A4C646CE2B747481000E0DA7 /* PBXContainerItemProxy */ = {
			isa = PBXContainerItemProxy;
			containerPortal = A4C646AB2B74747F000E0DA7 /* Project object */;
			proxyType = 1;
			remoteGlobalIDString = A4C646B22B74747F000E0DA7;
			remoteInfo = TMDB;
		};
/* End PBXContainerItemProxy section */

/* Begin PBXFileReference section */
		A41074752B7E630500C2CB0E /* MovieListJSON.swift */ = {isa = PBXFileReference; lastKnownFileType = sourcecode.swift; path = MovieListJSON.swift; sourceTree = "<group>"; };
		A41074772B7E671400C2CB0E /* MoviesViewModel.swift */ = {isa = PBXFileReference; lastKnownFileType = sourcecode.swift; path = MoviesViewModel.swift; sourceTree = "<group>"; };
		A41074792B7FC31A00C2CB0E /* MovieSkeletonView.swift */ = {isa = PBXFileReference; lastKnownFileType = sourcecode.swift; path = MovieSkeletonView.swift; sourceTree = "<group>"; };
		A410747B2B7FCE6700C2CB0E /* CarouselsMovieView.swift */ = {isa = PBXFileReference; lastKnownFileType = sourcecode.swift; path = CarouselsMovieView.swift; sourceTree = "<group>"; };
		A410747D2B7FD68600C2CB0E /* TMDB_Info.plist */ = {isa = PBXFileReference; lastKnownFileType = text.plist.xml; path = TMDB_Info.plist; sourceTree = "<group>"; };
		A410747F2B7FD71900C2CB0E /* Bundle+Extensions.swift */ = {isa = PBXFileReference; lastKnownFileType = sourcecode.swift; path = "Bundle+Extensions.swift"; sourceTree = "<group>"; };
		A41074812B819BF400C2CB0E /* MovieListViewModel.swift */ = {isa = PBXFileReference; lastKnownFileType = sourcecode.swift; path = MovieListViewModel.swift; sourceTree = "<group>"; };
		A41074832B81A13900C2CB0E /* MoviesAPI.swift */ = {isa = PBXFileReference; lastKnownFileType = sourcecode.swift; path = MoviesAPI.swift; sourceTree = "<group>"; };
		A41074892B81A59500C2CB0E /* MovieBackdropView.swift */ = {isa = PBXFileReference; lastKnownFileType = sourcecode.swift; path = MovieBackdropView.swift; sourceTree = "<group>"; };
		A410748D2B82B97200C2CB0E /* MovieGridView.swift */ = {isa = PBXFileReference; lastKnownFileType = sourcecode.swift; path = MovieGridView.swift; sourceTree = "<group>"; };
		A4B068952B86F6D600E292DC /* README.md */ = {isa = PBXFileReference; lastKnownFileType = net.daringfireball.markdown; path = README.md; sourceTree = "<group>"; };
		A4B068962B8C078D00E292DC /* MovieDetailsJSON.swift */ = {isa = PBXFileReference; lastKnownFileType = sourcecode.swift; path = MovieDetailsJSON.swift; sourceTree = "<group>"; };
		A4B068982B8C107500E292DC /* MovieDetails.swift */ = {isa = PBXFileReference; lastKnownFileType = sourcecode.swift; path = MovieDetails.swift; sourceTree = "<group>"; };
		A4B0689A2B8D7EFB00E292DC /* MovieDetailsViewModel.swift */ = {isa = PBXFileReference; lastKnownFileType = sourcecode.swift; path = MovieDetailsViewModel.swift; sourceTree = "<group>"; };
		A4B0689C2B8D85ED00E292DC /* MovieDetailsView.swift */ = {isa = PBXFileReference; lastKnownFileType = sourcecode.swift; path = MovieDetailsView.swift; sourceTree = "<group>"; };
		A4B0689E2B8EC97700E292DC /* UIImage+Extensions.swift */ = {isa = PBXFileReference; lastKnownFileType = sourcecode.swift; path = "UIImage+Extensions.swift"; sourceTree = "<group>"; };
		A4C646B32B74747F000E0DA7 /* TMDB.app */ = {isa = PBXFileReference; explicitFileType = wrapper.application; includeInIndex = 0; path = TMDB.app; sourceTree = BUILT_PRODUCTS_DIR; };
		A4C646B62B74747F000E0DA7 /* TMDBApp.swift */ = {isa = PBXFileReference; indentWidth = 4; lastKnownFileType = sourcecode.swift; path = TMDBApp.swift; sourceTree = "<group>"; tabWidth = 4; };
		A4C646B82B74747F000E0DA7 /* ContentView.swift */ = {isa = PBXFileReference; indentWidth = 4; lastKnownFileType = sourcecode.swift; path = ContentView.swift; sourceTree = "<group>"; tabWidth = 4; };
		A4C646BA2B747481000E0DA7 /* Assets.xcassets */ = {isa = PBXFileReference; lastKnownFileType = folder.assetcatalog; path = Assets.xcassets; sourceTree = "<group>"; };
		A4C646BD2B747481000E0DA7 /* Preview Assets.xcassets */ = {isa = PBXFileReference; lastKnownFileType = folder.assetcatalog; path = "Preview Assets.xcassets"; sourceTree = "<group>"; };
		A4C646C32B747481000E0DA7 /* TMDBTests.xctest */ = {isa = PBXFileReference; explicitFileType = wrapper.cfbundle; includeInIndex = 0; path = TMDBTests.xctest; sourceTree = BUILT_PRODUCTS_DIR; };
		A4C646C72B747481000E0DA7 /* TMDBTests.swift */ = {isa = PBXFileReference; lastKnownFileType = sourcecode.swift; path = TMDBTests.swift; sourceTree = "<group>"; };
		A4C646CD2B747481000E0DA7 /* TMDBUITests.xctest */ = {isa = PBXFileReference; explicitFileType = wrapper.cfbundle; includeInIndex = 0; path = TMDBUITests.xctest; sourceTree = BUILT_PRODUCTS_DIR; };
		A4C646D12B747481000E0DA7 /* TMDBUITests.swift */ = {isa = PBXFileReference; lastKnownFileType = sourcecode.swift; path = TMDBUITests.swift; sourceTree = "<group>"; };
		A4C646D32B747481000E0DA7 /* TMDBUITestsLaunchTests.swift */ = {isa = PBXFileReference; lastKnownFileType = sourcecode.swift; path = TMDBUITestsLaunchTests.swift; sourceTree = "<group>"; };
		A4C646E02B7A91CE000E0DA7 /* MovieView.swift */ = {isa = PBXFileReference; lastKnownFileType = sourcecode.swift; path = MovieView.swift; sourceTree = "<group>"; };
		A4C646E22B7BC625000E0DA7 /* ScoreView.swift */ = {isa = PBXFileReference; lastKnownFileType = sourcecode.swift; path = ScoreView.swift; sourceTree = "<group>"; };
		A4D8DE122B7D11A200C31D7F /* SeeAllView.swift */ = {isa = PBXFileReference; lastKnownFileType = sourcecode.swift; path = SeeAllView.swift; sourceTree = "<group>"; };
		A4D8DE142B7D170700C31D7F /* Colors.swift */ = {isa = PBXFileReference; lastKnownFileType = sourcecode.swift; path = Colors.swift; sourceTree = "<group>"; };
		A4D8DE162B7D1A7900C31D7F /* CarouselMovieView.swift */ = {isa = PBXFileReference; lastKnownFileType = sourcecode.swift; path = CarouselMovieView.swift; sourceTree = "<group>"; };
		A4D8DE182B7D204700C31D7F /* Movie.swift */ = {isa = PBXFileReference; lastKnownFileType = sourcecode.swift; path = Movie.swift; sourceTree = "<group>"; };
		A4EA34FB2B900ED100E6DD3E /* CreditsJSON.swift */ = {isa = PBXFileReference; lastKnownFileType = sourcecode.swift; path = CreditsJSON.swift; sourceTree = "<group>"; };
		A4EA34FD2B9010E000E6DD3E /* Actor.swift */ = {isa = PBXFileReference; lastKnownFileType = sourcecode.swift; path = Actor.swift; sourceTree = "<group>"; };
		A4EA34FF2B9027B000E6DD3E /* MovieSummaryView.swift */ = {isa = PBXFileReference; lastKnownFileType = sourcecode.swift; path = MovieSummaryView.swift; sourceTree = "<group>"; };
		A4EA35012B91665D00E6DD3E /* ActorView.swift */ = {isa = PBXFileReference; lastKnownFileType = sourcecode.swift; path = ActorView.swift; sourceTree = "<group>"; };
		A4EA35032B916AED00E6DD3E /* CarouselActorView.swift */ = {isa = PBXFileReference; lastKnownFileType = sourcecode.swift; path = CarouselActorView.swift; sourceTree = "<group>"; };
/* End PBXFileReference section */

/* Begin PBXFrameworksBuildPhase section */
		A4C646B02B74747F000E0DA7 /* Frameworks */ = {
			isa = PBXFrameworksBuildPhase;
			buildActionMask = 2147483647;
			files = (
				A4C646E62B7C5ECB000E0DA7 /* Kingfisher in Frameworks */,
			);
			runOnlyForDeploymentPostprocessing = 0;
		};
		A4C646C02B747481000E0DA7 /* Frameworks */ = {
			isa = PBXFrameworksBuildPhase;
			buildActionMask = 2147483647;
			files = (
			);
			runOnlyForDeploymentPostprocessing = 0;
		};
		A4C646CA2B747481000E0DA7 /* Frameworks */ = {
			isa = PBXFrameworksBuildPhase;
			buildActionMask = 2147483647;
			files = (
			);
			runOnlyForDeploymentPostprocessing = 0;
		};
/* End PBXFrameworksBuildPhase section */

/* Begin PBXGroup section */
		A41074852B81A48600C2CB0E /* Views */ = {
			isa = PBXGroup;
			children = (
				A4C646B82B74747F000E0DA7 /* ContentView.swift */,
				A410747B2B7FCE6700C2CB0E /* CarouselsMovieView.swift */,
				A4D8DE162B7D1A7900C31D7F /* CarouselMovieView.swift */,
				A4C646E02B7A91CE000E0DA7 /* MovieView.swift */,
				A41074792B7FC31A00C2CB0E /* MovieSkeletonView.swift */,
				A4C646E22B7BC625000E0DA7 /* ScoreView.swift */,
				A4D8DE122B7D11A200C31D7F /* SeeAllView.swift */,
				A410748D2B82B97200C2CB0E /* MovieGridView.swift */,
				A41074892B81A59500C2CB0E /* MovieBackdropView.swift */,
				A4B0689C2B8D85ED00E292DC /* MovieDetailsView.swift */,
				A4EA34FF2B9027B000E6DD3E /* MovieSummaryView.swift */,
				A4EA35012B91665D00E6DD3E /* ActorView.swift */,
				A4EA35032B916AED00E6DD3E /* CarouselActorView.swift */,
			);
			path = Views;
			sourceTree = "<group>";
		};
		A41074862B81A4C700C2CB0E /* Models */ = {
			isa = PBXGroup;
			children = (
				A4D8DE182B7D204700C31D7F /* Movie.swift */,
				A41074772B7E671400C2CB0E /* MoviesViewModel.swift */,
				A41074752B7E630500C2CB0E /* MovieListJSON.swift */,
				A41074812B819BF400C2CB0E /* MovieListViewModel.swift */,
				A4B068982B8C107500E292DC /* MovieDetails.swift */,
				A4B068962B8C078D00E292DC /* MovieDetailsJSON.swift */,
				A4B0689A2B8D7EFB00E292DC /* MovieDetailsViewModel.swift */,
				A4EA34FD2B9010E000E6DD3E /* Actor.swift */,
				A4EA34FB2B900ED100E6DD3E /* CreditsJSON.swift */,
			);
			path = Models;
			sourceTree = "<group>";
		};
		A41074872B81A4EC00C2CB0E /* Helpers */ = {
			isa = PBXGroup;
			children = (
				A4D8DE142B7D170700C31D7F /* Colors.swift */,
				A410747F2B7FD71900C2CB0E /* Bundle+Extensions.swift */,
				A4B0689E2B8EC97700E292DC /* UIImage+Extensions.swift */,
			);
			path = Helpers;
			sourceTree = "<group>";
		};
		A41074882B81A50600C2CB0E /* API */ = {
			isa = PBXGroup;
			children = (
				A41074832B81A13900C2CB0E /* MoviesAPI.swift */,
			);
			path = API;
			sourceTree = "<group>";
		};
		A4C646AA2B74747F000E0DA7 = {
			isa = PBXGroup;
			children = (
				A4B068952B86F6D600E292DC /* README.md */,
				A4C646B52B74747F000E0DA7 /* TMDB */,
				A4C646C62B747481000E0DA7 /* TMDBTests */,
				A4C646D02B747481000E0DA7 /* TMDBUITests */,
				A4C646B42B74747F000E0DA7 /* Products */,
			);
			sourceTree = "<group>";
		};
		A4C646B42B74747F000E0DA7 /* Products */ = {
			isa = PBXGroup;
			children = (
				A4C646B32B74747F000E0DA7 /* TMDB.app */,
				A4C646C32B747481000E0DA7 /* TMDBTests.xctest */,
				A4C646CD2B747481000E0DA7 /* TMDBUITests.xctest */,
			);
			name = Products;
			sourceTree = "<group>";
		};
		A4C646B52B74747F000E0DA7 /* TMDB */ = {
			isa = PBXGroup;
			children = (
				A4C646B62B74747F000E0DA7 /* TMDBApp.swift */,
				A41074852B81A48600C2CB0E /* Views */,
				A41074862B81A4C700C2CB0E /* Models */,
				A41074882B81A50600C2CB0E /* API */,
				A41074872B81A4EC00C2CB0E /* Helpers */,
				A4C646BC2B747481000E0DA7 /* Preview Content */,
				A410747D2B7FD68600C2CB0E /* TMDB_Info.plist */,
				A4C646BA2B747481000E0DA7 /* Assets.xcassets */,
			);
			path = TMDB;
			sourceTree = "<group>";
		};
		A4C646BC2B747481000E0DA7 /* Preview Content */ = {
			isa = PBXGroup;
			children = (
				A4C646BD2B747481000E0DA7 /* Preview Assets.xcassets */,
			);
			path = "Preview Content";
			sourceTree = "<group>";
		};
		A4C646C62B747481000E0DA7 /* TMDBTests */ = {
			isa = PBXGroup;
			children = (
				A4C646C72B747481000E0DA7 /* TMDBTests.swift */,
			);
			path = TMDBTests;
			sourceTree = "<group>";
		};
		A4C646D02B747481000E0DA7 /* TMDBUITests */ = {
			isa = PBXGroup;
			children = (
				A4C646D12B747481000E0DA7 /* TMDBUITests.swift */,
				A4C646D32B747481000E0DA7 /* TMDBUITestsLaunchTests.swift */,
			);
			path = TMDBUITests;
			sourceTree = "<group>";
		};
/* End PBXGroup section */

/* Begin PBXNativeTarget section */
		A4C646B22B74747F000E0DA7 /* TMDB */ = {
			isa = PBXNativeTarget;
			buildConfigurationList = A4C646D72B747481000E0DA7 /* Build configuration list for PBXNativeTarget "TMDB" */;
			buildPhases = (
				A4C646AF2B74747F000E0DA7 /* Sources */,
				A4C646B02B74747F000E0DA7 /* Frameworks */,
				A4C646B12B74747F000E0DA7 /* Resources */,
			);
			buildRules = (
			);
			dependencies = (
			);
			name = TMDB;
			packageProductDependencies = (
				A4C646E52B7C5ECB000E0DA7 /* Kingfisher */,
			);
			productName = TMDB;
			productReference = A4C646B32B74747F000E0DA7 /* TMDB.app */;
			productType = "com.apple.product-type.application";
		};
		A4C646C22B747481000E0DA7 /* TMDBTests */ = {
			isa = PBXNativeTarget;
			buildConfigurationList = A4C646DA2B747481000E0DA7 /* Build configuration list for PBXNativeTarget "TMDBTests" */;
			buildPhases = (
				A4C646BF2B747481000E0DA7 /* Sources */,
				A4C646C02B747481000E0DA7 /* Frameworks */,
				A4C646C12B747481000E0DA7 /* Resources */,
			);
			buildRules = (
			);
			dependencies = (
				A4C646C52B747481000E0DA7 /* PBXTargetDependency */,
			);
			name = TMDBTests;
			productName = TMDBTests;
			productReference = A4C646C32B747481000E0DA7 /* TMDBTests.xctest */;
			productType = "com.apple.product-type.bundle.unit-test";
		};
		A4C646CC2B747481000E0DA7 /* TMDBUITests */ = {
			isa = PBXNativeTarget;
			buildConfigurationList = A4C646DD2B747481000E0DA7 /* Build configuration list for PBXNativeTarget "TMDBUITests" */;
			buildPhases = (
				A4C646C92B747481000E0DA7 /* Sources */,
				A4C646CA2B747481000E0DA7 /* Frameworks */,
				A4C646CB2B747481000E0DA7 /* Resources */,
			);
			buildRules = (
			);
			dependencies = (
				A4C646CF2B747481000E0DA7 /* PBXTargetDependency */,
			);
			name = TMDBUITests;
			productName = TMDBUITests;
			productReference = A4C646CD2B747481000E0DA7 /* TMDBUITests.xctest */;
			productType = "com.apple.product-type.bundle.ui-testing";
		};
/* End PBXNativeTarget section */

/* Begin PBXProject section */
		A4C646AB2B74747F000E0DA7 /* Project object */ = {
			isa = PBXProject;
			attributes = {
				BuildIndependentTargetsInParallel = 1;
				LastSwiftUpdateCheck = 1500;
				LastUpgradeCheck = 1500;
				TargetAttributes = {
					A4C646B22B74747F000E0DA7 = {
						CreatedOnToolsVersion = 15.0;
					};
					A4C646C22B747481000E0DA7 = {
						CreatedOnToolsVersion = 15.0;
						TestTargetID = A4C646B22B74747F000E0DA7;
					};
					A4C646CC2B747481000E0DA7 = {
						CreatedOnToolsVersion = 15.0;
						TestTargetID = A4C646B22B74747F000E0DA7;
					};
				};
			};
			buildConfigurationList = A4C646AE2B74747F000E0DA7 /* Build configuration list for PBXProject "TMDB" */;
			compatibilityVersion = "Xcode 14.0";
			developmentRegion = en;
			hasScannedForEncodings = 0;
			knownRegions = (
				en,
				Base,
			);
			mainGroup = A4C646AA2B74747F000E0DA7;
			packageReferences = (
				A4C646E42B7C5ECB000E0DA7 /* XCRemoteSwiftPackageReference "Kingfisher" */,
			);
			productRefGroup = A4C646B42B74747F000E0DA7 /* Products */;
			projectDirPath = "";
			projectRoot = "";
			targets = (
				A4C646B22B74747F000E0DA7 /* TMDB */,
				A4C646C22B747481000E0DA7 /* TMDBTests */,
				A4C646CC2B747481000E0DA7 /* TMDBUITests */,
			);
		};
/* End PBXProject section */

/* Begin PBXResourcesBuildPhase section */
		A4C646B12B74747F000E0DA7 /* Resources */ = {
			isa = PBXResourcesBuildPhase;
			buildActionMask = 2147483647;
			files = (
				A4C646BE2B747481000E0DA7 /* Preview Assets.xcassets in Resources */,
				A410747E2B7FD68600C2CB0E /* TMDB_Info.plist in Resources */,
				A4C646BB2B747481000E0DA7 /* Assets.xcassets in Resources */,
			);
			runOnlyForDeploymentPostprocessing = 0;
		};
		A4C646C12B747481000E0DA7 /* Resources */ = {
			isa = PBXResourcesBuildPhase;
			buildActionMask = 2147483647;
			files = (
			);
			runOnlyForDeploymentPostprocessing = 0;
		};
		A4C646CB2B747481000E0DA7 /* Resources */ = {
			isa = PBXResourcesBuildPhase;
			buildActionMask = 2147483647;
			files = (
			);
			runOnlyForDeploymentPostprocessing = 0;
		};
/* End PBXResourcesBuildPhase section */

/* Begin PBXSourcesBuildPhase section */
		A4C646AF2B74747F000E0DA7 /* Sources */ = {
			isa = PBXSourcesBuildPhase;
			buildActionMask = 2147483647;
			files = (
				A4B0689B2B8D7EFB00E292DC /* MovieDetailsViewModel.swift in Sources */,
				A410747C2B7FCE6700C2CB0E /* CarouselsMovieView.swift in Sources */,
				A4D8DE132B7D11A200C31D7F /* SeeAllView.swift in Sources */,
				A4D8DE152B7D170700C31D7F /* Colors.swift in Sources */,
				A410748A2B81A59500C2CB0E /* MovieBackdropView.swift in Sources */,
				A41074822B819BF400C2CB0E /* MovieListViewModel.swift in Sources */,
				A41074802B7FD71900C2CB0E /* Bundle+Extensions.swift in Sources */,
				A41074762B7E630500C2CB0E /* MovieListJSON.swift in Sources */,
				A410747A2B7FC31A00C2CB0E /* MovieSkeletonView.swift in Sources */,
				A4C646B92B74747F000E0DA7 /* ContentView.swift in Sources */,
				A4EA34FC2B900ED100E6DD3E /* CreditsJSON.swift in Sources */,
				A4C646E32B7BC625000E0DA7 /* ScoreView.swift in Sources */,
				A4B068992B8C107500E292DC /* MovieDetails.swift in Sources */,
				A4D8DE172B7D1A7900C31D7F /* CarouselMovieView.swift in Sources */,
				A4C646B72B74747F000E0DA7 /* TMDBApp.swift in Sources */,
				A410748E2B82B97200C2CB0E /* MovieGridView.swift in Sources */,
				A4EA34FE2B9010E000E6DD3E /* Actor.swift in Sources */,
				A4B0689F2B8EC97700E292DC /* UIImage+Extensions.swift in Sources */,
				A4B0689D2B8D85ED00E292DC /* MovieDetailsView.swift in Sources */,
				A41074842B81A13900C2CB0E /* MoviesAPI.swift in Sources */,
				A4D8DE192B7D204700C31D7F /* Movie.swift in Sources */,
				A4B068972B8C078D00E292DC /* MovieDetailsJSON.swift in Sources */,
				A4EA35042B916AED00E6DD3E /* CarouselActorView.swift in Sources */,
				A4C646E12B7A91CE000E0DA7 /* MovieView.swift in Sources */,
				A4EA35002B9027B000E6DD3E /* MovieSummaryView.swift in Sources */,
				A4EA35022B91665D00E6DD3E /* ActorView.swift in Sources */,
				A41074782B7E671400C2CB0E /* MoviesViewModel.swift in Sources */,
			);
			runOnlyForDeploymentPostprocessing = 0;
		};
		A4C646BF2B747481000E0DA7 /* Sources */ = {
			isa = PBXSourcesBuildPhase;
			buildActionMask = 2147483647;
			files = (
				A4C646C82B747481000E0DA7 /* TMDBTests.swift in Sources */,
			);
			runOnlyForDeploymentPostprocessing = 0;
		};
		A4C646C92B747481000E0DA7 /* Sources */ = {
			isa = PBXSourcesBuildPhase;
			buildActionMask = 2147483647;
			files = (
				A4C646D22B747481000E0DA7 /* TMDBUITests.swift in Sources */,
				A4C646D42B747481000E0DA7 /* TMDBUITestsLaunchTests.swift in Sources */,
			);
			runOnlyForDeploymentPostprocessing = 0;
		};
/* End PBXSourcesBuildPhase section */

/* Begin PBXTargetDependency section */
		A4C646C52B747481000E0DA7 /* PBXTargetDependency */ = {
			isa = PBXTargetDependency;
			target = A4C646B22B74747F000E0DA7 /* TMDB */;
			targetProxy = A4C646C42B747481000E0DA7 /* PBXContainerItemProxy */;
		};
		A4C646CF2B747481000E0DA7 /* PBXTargetDependency */ = {
			isa = PBXTargetDependency;
			target = A4C646B22B74747F000E0DA7 /* TMDB */;
			targetProxy = A4C646CE2B747481000E0DA7 /* PBXContainerItemProxy */;
		};
/* End PBXTargetDependency section */

/* Begin XCBuildConfiguration section */
		A4C646D52B747481000E0DA7 /* Debug */ = {
			isa = XCBuildConfiguration;
			buildSettings = {
				ALWAYS_SEARCH_USER_PATHS = NO;
				ASSETCATALOG_COMPILER_GENERATE_SWIFT_ASSET_SYMBOL_EXTENSIONS = YES;
				CLANG_ANALYZER_NONNULL = YES;
				CLANG_ANALYZER_NUMBER_OBJECT_CONVERSION = YES_AGGRESSIVE;
				CLANG_CXX_LANGUAGE_STANDARD = "gnu++20";
				CLANG_ENABLE_MODULES = YES;
				CLANG_ENABLE_OBJC_ARC = YES;
				CLANG_ENABLE_OBJC_WEAK = YES;
				CLANG_WARN_BLOCK_CAPTURE_AUTORELEASING = YES;
				CLANG_WARN_BOOL_CONVERSION = YES;
				CLANG_WARN_COMMA = YES;
				CLANG_WARN_CONSTANT_CONVERSION = YES;
				CLANG_WARN_DEPRECATED_OBJC_IMPLEMENTATIONS = YES;
				CLANG_WARN_DIRECT_OBJC_ISA_USAGE = YES_ERROR;
				CLANG_WARN_DOCUMENTATION_COMMENTS = YES;
				CLANG_WARN_EMPTY_BODY = YES;
				CLANG_WARN_ENUM_CONVERSION = YES;
				CLANG_WARN_INFINITE_RECURSION = YES;
				CLANG_WARN_INT_CONVERSION = YES;
				CLANG_WARN_NON_LITERAL_NULL_CONVERSION = YES;
				CLANG_WARN_OBJC_IMPLICIT_RETAIN_SELF = YES;
				CLANG_WARN_OBJC_LITERAL_CONVERSION = YES;
				CLANG_WARN_OBJC_ROOT_CLASS = YES_ERROR;
				CLANG_WARN_QUOTED_INCLUDE_IN_FRAMEWORK_HEADER = YES;
				CLANG_WARN_RANGE_LOOP_ANALYSIS = YES;
				CLANG_WARN_STRICT_PROTOTYPES = YES;
				CLANG_WARN_SUSPICIOUS_MOVE = YES;
				CLANG_WARN_UNGUARDED_AVAILABILITY = YES_AGGRESSIVE;
				CLANG_WARN_UNREACHABLE_CODE = YES;
				CLANG_WARN__DUPLICATE_METHOD_MATCH = YES;
				COPY_PHASE_STRIP = NO;
				DEBUG_INFORMATION_FORMAT = dwarf;
				ENABLE_STRICT_OBJC_MSGSEND = YES;
				ENABLE_TESTABILITY = YES;
				ENABLE_USER_SCRIPT_SANDBOXING = YES;
				GCC_C_LANGUAGE_STANDARD = gnu17;
				GCC_DYNAMIC_NO_PIC = NO;
				GCC_NO_COMMON_BLOCKS = YES;
				GCC_OPTIMIZATION_LEVEL = 0;
				GCC_PREPROCESSOR_DEFINITIONS = (
					"DEBUG=1",
					"$(inherited)",
				);
				GCC_WARN_64_TO_32_BIT_CONVERSION = YES;
				GCC_WARN_ABOUT_RETURN_TYPE = YES_ERROR;
				GCC_WARN_UNDECLARED_SELECTOR = YES;
				GCC_WARN_UNINITIALIZED_AUTOS = YES_AGGRESSIVE;
				GCC_WARN_UNUSED_FUNCTION = YES;
				GCC_WARN_UNUSED_VARIABLE = YES;
				IPHONEOS_DEPLOYMENT_TARGET = 17.0;
				LOCALIZATION_PREFERS_STRING_CATALOGS = YES;
				MTL_ENABLE_DEBUG_INFO = INCLUDE_SOURCE;
				MTL_FAST_MATH = YES;
				ONLY_ACTIVE_ARCH = YES;
				SDKROOT = iphoneos;
				SWIFT_ACTIVE_COMPILATION_CONDITIONS = "DEBUG $(inherited)";
				SWIFT_OPTIMIZATION_LEVEL = "-Onone";
			};
			name = Debug;
		};
		A4C646D62B747481000E0DA7 /* Release */ = {
			isa = XCBuildConfiguration;
			buildSettings = {
				ALWAYS_SEARCH_USER_PATHS = NO;
				ASSETCATALOG_COMPILER_GENERATE_SWIFT_ASSET_SYMBOL_EXTENSIONS = YES;
				CLANG_ANALYZER_NONNULL = YES;
				CLANG_ANALYZER_NUMBER_OBJECT_CONVERSION = YES_AGGRESSIVE;
				CLANG_CXX_LANGUAGE_STANDARD = "gnu++20";
				CLANG_ENABLE_MODULES = YES;
				CLANG_ENABLE_OBJC_ARC = YES;
				CLANG_ENABLE_OBJC_WEAK = YES;
				CLANG_WARN_BLOCK_CAPTURE_AUTORELEASING = YES;
				CLANG_WARN_BOOL_CONVERSION = YES;
				CLANG_WARN_COMMA = YES;
				CLANG_WARN_CONSTANT_CONVERSION = YES;
				CLANG_WARN_DEPRECATED_OBJC_IMPLEMENTATIONS = YES;
				CLANG_WARN_DIRECT_OBJC_ISA_USAGE = YES_ERROR;
				CLANG_WARN_DOCUMENTATION_COMMENTS = YES;
				CLANG_WARN_EMPTY_BODY = YES;
				CLANG_WARN_ENUM_CONVERSION = YES;
				CLANG_WARN_INFINITE_RECURSION = YES;
				CLANG_WARN_INT_CONVERSION = YES;
				CLANG_WARN_NON_LITERAL_NULL_CONVERSION = YES;
				CLANG_WARN_OBJC_IMPLICIT_RETAIN_SELF = YES;
				CLANG_WARN_OBJC_LITERAL_CONVERSION = YES;
				CLANG_WARN_OBJC_ROOT_CLASS = YES_ERROR;
				CLANG_WARN_QUOTED_INCLUDE_IN_FRAMEWORK_HEADER = YES;
				CLANG_WARN_RANGE_LOOP_ANALYSIS = YES;
				CLANG_WARN_STRICT_PROTOTYPES = YES;
				CLANG_WARN_SUSPICIOUS_MOVE = YES;
				CLANG_WARN_UNGUARDED_AVAILABILITY = YES_AGGRESSIVE;
				CLANG_WARN_UNREACHABLE_CODE = YES;
				CLANG_WARN__DUPLICATE_METHOD_MATCH = YES;
				COPY_PHASE_STRIP = NO;
				DEBUG_INFORMATION_FORMAT = "dwarf-with-dsym";
				ENABLE_NS_ASSERTIONS = NO;
				ENABLE_STRICT_OBJC_MSGSEND = YES;
				ENABLE_USER_SCRIPT_SANDBOXING = YES;
				GCC_C_LANGUAGE_STANDARD = gnu17;
				GCC_NO_COMMON_BLOCKS = YES;
				GCC_WARN_64_TO_32_BIT_CONVERSION = YES;
				GCC_WARN_ABOUT_RETURN_TYPE = YES_ERROR;
				GCC_WARN_UNDECLARED_SELECTOR = YES;
				GCC_WARN_UNINITIALIZED_AUTOS = YES_AGGRESSIVE;
				GCC_WARN_UNUSED_FUNCTION = YES;
				GCC_WARN_UNUSED_VARIABLE = YES;
				IPHONEOS_DEPLOYMENT_TARGET = 17.0;
				LOCALIZATION_PREFERS_STRING_CATALOGS = YES;
				MTL_ENABLE_DEBUG_INFO = NO;
				MTL_FAST_MATH = YES;
				SDKROOT = iphoneos;
				SWIFT_COMPILATION_MODE = wholemodule;
				VALIDATE_PRODUCT = YES;
			};
			name = Release;
		};
		A4C646D82B747481000E0DA7 /* Debug */ = {
			isa = XCBuildConfiguration;
			buildSettings = {
				ASSETCATALOG_COMPILER_APPICON_NAME = AppIcon;
				ASSETCATALOG_COMPILER_GLOBAL_ACCENT_COLOR_NAME = AccentColor;
				CODE_SIGN_STYLE = Automatic;
				CURRENT_PROJECT_VERSION = 1;
				DEVELOPMENT_ASSET_PATHS = "\"TMDB/Preview Content\"";
				DEVELOPMENT_TEAM = 69T9YBDLV5;
				ENABLE_PREVIEWS = YES;
				GENERATE_INFOPLIST_FILE = YES;
				INFOPLIST_KEY_UIApplicationSceneManifest_Generation = YES;
				INFOPLIST_KEY_UIApplicationSupportsIndirectInputEvents = YES;
				INFOPLIST_KEY_UILaunchScreen_Generation = YES;
				INFOPLIST_KEY_UISupportedInterfaceOrientations_iPad = "UIInterfaceOrientationPortrait UIInterfaceOrientationPortraitUpsideDown UIInterfaceOrientationLandscapeLeft UIInterfaceOrientationLandscapeRight";
				INFOPLIST_KEY_UISupportedInterfaceOrientations_iPhone = "UIInterfaceOrientationPortrait UIInterfaceOrientationLandscapeLeft UIInterfaceOrientationLandscapeRight";
				LD_RUNPATH_SEARCH_PATHS = (
					"$(inherited)",
					"@executable_path/Frameworks",
				);
				MARKETING_VERSION = 1.0;
				PRODUCT_BUNDLE_IDENTIFIER = com.policiano.TMDB;
				PRODUCT_NAME = "$(TARGET_NAME)";
				SWIFT_EMIT_LOC_STRINGS = YES;
				SWIFT_VERSION = 5.0;
				TARGETED_DEVICE_FAMILY = "1,2";
			};
			name = Debug;
		};
		A4C646D92B747481000E0DA7 /* Release */ = {
			isa = XCBuildConfiguration;
			buildSettings = {
				ASSETCATALOG_COMPILER_APPICON_NAME = AppIcon;
				ASSETCATALOG_COMPILER_GLOBAL_ACCENT_COLOR_NAME = AccentColor;
				CODE_SIGN_STYLE = Automatic;
				CURRENT_PROJECT_VERSION = 1;
				DEVELOPMENT_ASSET_PATHS = "\"TMDB/Preview Content\"";
				DEVELOPMENT_TEAM = 69T9YBDLV5;
				ENABLE_PREVIEWS = YES;
				GENERATE_INFOPLIST_FILE = YES;
				INFOPLIST_KEY_UIApplicationSceneManifest_Generation = YES;
				INFOPLIST_KEY_UIApplicationSupportsIndirectInputEvents = YES;
				INFOPLIST_KEY_UILaunchScreen_Generation = YES;
				INFOPLIST_KEY_UISupportedInterfaceOrientations_iPad = "UIInterfaceOrientationPortrait UIInterfaceOrientationPortraitUpsideDown UIInterfaceOrientationLandscapeLeft UIInterfaceOrientationLandscapeRight";
				INFOPLIST_KEY_UISupportedInterfaceOrientations_iPhone = "UIInterfaceOrientationPortrait UIInterfaceOrientationLandscapeLeft UIInterfaceOrientationLandscapeRight";
				LD_RUNPATH_SEARCH_PATHS = (
					"$(inherited)",
					"@executable_path/Frameworks",
				);
				MARKETING_VERSION = 1.0;
				PRODUCT_BUNDLE_IDENTIFIER = com.policiano.TMDB;
				PRODUCT_NAME = "$(TARGET_NAME)";
				SWIFT_EMIT_LOC_STRINGS = YES;
				SWIFT_VERSION = 5.0;
				TARGETED_DEVICE_FAMILY = "1,2";
			};
			name = Release;
		};
		A4C646DB2B747481000E0DA7 /* Debug */ = {
			isa = XCBuildConfiguration;
			buildSettings = {
				ALWAYS_EMBED_SWIFT_STANDARD_LIBRARIES = YES;
				BUNDLE_LOADER = "$(TEST_HOST)";
				CODE_SIGN_STYLE = Automatic;
				CURRENT_PROJECT_VERSION = 1;
				DEVELOPMENT_TEAM = 69T9YBDLV5;
				GENERATE_INFOPLIST_FILE = YES;
				IPHONEOS_DEPLOYMENT_TARGET = 17.0;
				MARKETING_VERSION = 1.0;
				PRODUCT_BUNDLE_IDENTIFIER = com.policiano.TMDBTests;
				PRODUCT_NAME = "$(TARGET_NAME)";
				SWIFT_EMIT_LOC_STRINGS = NO;
				SWIFT_VERSION = 5.0;
				TARGETED_DEVICE_FAMILY = "1,2";
				TEST_HOST = "$(BUILT_PRODUCTS_DIR)/TMDB.app/$(BUNDLE_EXECUTABLE_FOLDER_PATH)/TMDB";
			};
			name = Debug;
		};
		A4C646DC2B747481000E0DA7 /* Release */ = {
			isa = XCBuildConfiguration;
			buildSettings = {
				ALWAYS_EMBED_SWIFT_STANDARD_LIBRARIES = YES;
				BUNDLE_LOADER = "$(TEST_HOST)";
				CODE_SIGN_STYLE = Automatic;
				CURRENT_PROJECT_VERSION = 1;
				DEVELOPMENT_TEAM = 69T9YBDLV5;
				GENERATE_INFOPLIST_FILE = YES;
				IPHONEOS_DEPLOYMENT_TARGET = 17.0;
				MARKETING_VERSION = 1.0;
				PRODUCT_BUNDLE_IDENTIFIER = com.policiano.TMDBTests;
				PRODUCT_NAME = "$(TARGET_NAME)";
				SWIFT_EMIT_LOC_STRINGS = NO;
				SWIFT_VERSION = 5.0;
				TARGETED_DEVICE_FAMILY = "1,2";
				TEST_HOST = "$(BUILT_PRODUCTS_DIR)/TMDB.app/$(BUNDLE_EXECUTABLE_FOLDER_PATH)/TMDB";
			};
			name = Release;
		};
		A4C646DE2B747481000E0DA7 /* Debug */ = {
			isa = XCBuildConfiguration;
			buildSettings = {
				ALWAYS_EMBED_SWIFT_STANDARD_LIBRARIES = YES;
				CODE_SIGN_STYLE = Automatic;
				CURRENT_PROJECT_VERSION = 1;
				DEVELOPMENT_TEAM = 69T9YBDLV5;
				GENERATE_INFOPLIST_FILE = YES;
				MARKETING_VERSION = 1.0;
				PRODUCT_BUNDLE_IDENTIFIER = com.policiano.TMDBUITests;
				PRODUCT_NAME = "$(TARGET_NAME)";
				SWIFT_EMIT_LOC_STRINGS = NO;
				SWIFT_VERSION = 5.0;
				TARGETED_DEVICE_FAMILY = "1,2";
				TEST_TARGET_NAME = TMDB;
			};
			name = Debug;
		};
		A4C646DF2B747481000E0DA7 /* Release */ = {
			isa = XCBuildConfiguration;
			buildSettings = {
				ALWAYS_EMBED_SWIFT_STANDARD_LIBRARIES = YES;
				CODE_SIGN_STYLE = Automatic;
				CURRENT_PROJECT_VERSION = 1;
				DEVELOPMENT_TEAM = 69T9YBDLV5;
				GENERATE_INFOPLIST_FILE = YES;
				MARKETING_VERSION = 1.0;
				PRODUCT_BUNDLE_IDENTIFIER = com.policiano.TMDBUITests;
				PRODUCT_NAME = "$(TARGET_NAME)";
				SWIFT_EMIT_LOC_STRINGS = NO;
				SWIFT_VERSION = 5.0;
				TARGETED_DEVICE_FAMILY = "1,2";
				TEST_TARGET_NAME = TMDB;
			};
			name = Release;
		};
/* End XCBuildConfiguration section */

/* Begin XCConfigurationList section */
		A4C646AE2B74747F000E0DA7 /* Build configuration list for PBXProject "TMDB" */ = {
			isa = XCConfigurationList;
			buildConfigurations = (
				A4C646D52B747481000E0DA7 /* Debug */,
				A4C646D62B747481000E0DA7 /* Release */,
			);
			defaultConfigurationIsVisible = 0;
			defaultConfigurationName = Release;
		};
		A4C646D72B747481000E0DA7 /* Build configuration list for PBXNativeTarget "TMDB" */ = {
			isa = XCConfigurationList;
			buildConfigurations = (
				A4C646D82B747481000E0DA7 /* Debug */,
				A4C646D92B747481000E0DA7 /* Release */,
			);
			defaultConfigurationIsVisible = 0;
			defaultConfigurationName = Release;
		};
		A4C646DA2B747481000E0DA7 /* Build configuration list for PBXNativeTarget "TMDBTests" */ = {
			isa = XCConfigurationList;
			buildConfigurations = (
				A4C646DB2B747481000E0DA7 /* Debug */,
				A4C646DC2B747481000E0DA7 /* Release */,
			);
			defaultConfigurationIsVisible = 0;
			defaultConfigurationName = Release;
		};
		A4C646DD2B747481000E0DA7 /* Build configuration list for PBXNativeTarget "TMDBUITests" */ = {
			isa = XCConfigurationList;
			buildConfigurations = (
				A4C646DE2B747481000E0DA7 /* Debug */,
				A4C646DF2B747481000E0DA7 /* Release */,
			);
			defaultConfigurationIsVisible = 0;
			defaultConfigurationName = Release;
		};
/* End XCConfigurationList section */

/* Begin XCRemoteSwiftPackageReference section */
		A4C646E42B7C5ECB000E0DA7 /* XCRemoteSwiftPackageReference "Kingfisher" */ = {
			isa = XCRemoteSwiftPackageReference;
			repositoryURL = "https://github.com/onevcat/Kingfisher.git";
			requirement = {
				kind = upToNextMajorVersion;
				minimumVersion = 7.11.0;
			};
		};
/* End XCRemoteSwiftPackageReference section */

/* Begin XCSwiftPackageProductDependency section */
		A4C646E52B7C5ECB000E0DA7 /* Kingfisher */ = {
			isa = XCSwiftPackageProductDependency;
			package = A4C646E42B7C5ECB000E0DA7 /* XCRemoteSwiftPackageReference "Kingfisher" */;
			productName = Kingfisher;
		};
/* End XCSwiftPackageProductDependency section */
	};
	rootObject = A4C646AB2B74747F000E0DA7 /* Project object */;
}
